
Microsoft Visual Studio Solution File, Format Version 12.00
# Visual Studio 15
VisualStudioVersion = 15.0.28307.645
MinimumVisualStudioVersion = 10.0.40219.1
Project("{FAE04EC0-301F-11D3-BF4B-00C04F79EFBC}") = "B19_Ex05", "B19_Ex05\B19_Ex05.csproj", "{E3E074E5-E7D0-4324-91CD-9316D0B1FB2A}"
EndProject
Project("{2150E333-8FDC-42A3-9474-1A3956D46DE8}") = "Solution Items", "Solution Items", "{43BD4715-260E-4FCF-B367-C80C40703891}"
	ProjectSection(SolutionItems) = preProject
		Exercise Checking Report.txt = Exercise Checking Report.txt
	EndProjectSection
EndProject
Global
	GlobalSection(SolutionConfigurationPlatforms) = preSolution
		Debug|Any CPU = Debug|Any CPU
		Release|Any CPU = Release|Any CPU
	EndGlobalSection
	GlobalSection(ProjectConfigurationPlatforms) = postSolution
		{E3E074E5-E7D0-4324-91CD-9316D0B1FB2A}.Debug|Any CPU.ActiveCfg = Debug|Any CPU
		{E3E074E5-E7D0-4324-91CD-9316D0B1FB2A}.Debug|Any CPU.Build.0 = Debug|Any CPU
		{E3E074E5-E7D0-4324-91CD-9316D0B1FB2A}.Release|Any CPU.ActiveCfg = Release|Any CPU
		{E3E074E5-E7D0-4324-91CD-9316D0B1FB2A}.Release|Any CPU.Build.0 = Release|Any CPU
	EndGlobalSection
	GlobalSection(SolutionProperties) = preSolution
		HideSolutionNode = FALSE
	EndGlobalSection
	GlobalSection(ExtensibilityGlobals) = postSolution
		SolutionGuid = {81549383-DC5C-49F5-822D-29976A5F0417}
	EndGlobalSection
EndGlobal
