
Microsoft Visual Studio Solution File, Format Version 12.00
# Visual Studio 15
VisualStudioVersion = 15.0.28307.539
MinimumVisualStudioVersion = 10.0.40219.1
Project("{FAE04EC0-301F-11D3-BF4B-00C04F79EFBC}") = "B19+EX01_01", "B19+EX01_01\B19+EX01_01.csproj", "{B43055FB-F7AE-442B-A40D-4519B51278D7}"
EndProject
Project("{FAE04EC0-301F-11D3-BF4B-00C04F79EFBC}") = "B19+EX01_02", "B19+EX01_02\B19+EX01_02.csproj", "{09A134B5-1BB4-4ECA-BAD6-F1160A01496A}"
EndProject
Project("{FAE04EC0-301F-11D3-BF4B-00C04F79EFBC}") = "B19+EX01_03", "B19+EX01_03\B19+EX01_03.csproj", "{CA1D3B9D-C242-432F-98F7-9D665B980C65}"
EndProject
Project("{FAE04EC0-301F-11D3-BF4B-00C04F79EFBC}") = "B19+EX01_05", "B19+EX01_05\B19+EX01_05.csproj", "{416C1661-98B4-42F0-826C-073955D97C44}"
EndProject
Project("{2150E333-8FDC-42A3-9474-1A3956D46DE8}") = "Solution Items", "Solution Items", "{4663DD21-399F-4D0B-9D7F-3A3210E8A2A8}"
	ProjectSection(SolutionItems) = preProject
		Exercise Checking Report.txt = Exercise Checking Report.txt
	EndProjectSection
EndProject
Project("{FAE04EC0-301F-11D3-BF4B-00C04F79EFBC}") = "B19+EX01_04", "B19+EX01_04\B19+EX01_04.csproj", "{D39451A5-C938-48F6-9DA9-8FCEDEE14F21}"
EndProject
Global
	GlobalSection(SolutionConfigurationPlatforms) = preSolution
		Debug|Any CPU = Debug|Any CPU
		Release|Any CPU = Release|Any CPU
	EndGlobalSection
	GlobalSection(ProjectConfigurationPlatforms) = postSolution
		{B43055FB-F7AE-442B-A40D-4519B51278D7}.Debug|Any CPU.ActiveCfg = Debug|Any CPU
		{B43055FB-F7AE-442B-A40D-4519B51278D7}.Debug|Any CPU.Build.0 = Debug|Any CPU
		{B43055FB-F7AE-442B-A40D-4519B51278D7}.Release|Any CPU.ActiveCfg = Release|Any CPU
		{B43055FB-F7AE-442B-A40D-4519B51278D7}.Release|Any CPU.Build.0 = Release|Any CPU
		{09A134B5-1BB4-4ECA-BAD6-F1160A01496A}.Debug|Any CPU.ActiveCfg = Debug|Any CPU
		{09A134B5-1BB4-4ECA-BAD6-F1160A01496A}.Debug|Any CPU.Build.0 = Debug|Any CPU
		{09A134B5-1BB4-4ECA-BAD6-F1160A01496A}.Release|Any CPU.ActiveCfg = Release|Any CPU
		{09A134B5-1BB4-4ECA-BAD6-F1160A01496A}.Release|Any CPU.Build.0 = Release|Any CPU
		{CA1D3B9D-C242-432F-98F7-9D665B980C65}.Debug|Any CPU.ActiveCfg = Debug|Any CPU
		{CA1D3B9D-C242-432F-98F7-9D665B980C65}.Debug|Any CPU.Build.0 = Debug|Any CPU
		{CA1D3B9D-C242-432F-98F7-9D665B980C65}.Release|Any CPU.ActiveCfg = Release|Any CPU
		{CA1D3B9D-C242-432F-98F7-9D665B980C65}.Release|Any CPU.Build.0 = Release|Any CPU
		{416C1661-98B4-42F0-826C-073955D97C44}.Debug|Any CPU.ActiveCfg = Debug|Any CPU
		{416C1661-98B4-42F0-826C-073955D97C44}.Debug|Any CPU.Build.0 = Debug|Any CPU
		{416C1661-98B4-42F0-826C-073955D97C44}.Release|Any CPU.ActiveCfg = Release|Any CPU
		{416C1661-98B4-42F0-826C-073955D97C44}.Release|Any CPU.Build.0 = Release|Any CPU
		{D39451A5-C938-48F6-9DA9-8FCEDEE14F21}.Debug|Any CPU.ActiveCfg = Debug|Any CPU
		{D39451A5-C938-48F6-9DA9-8FCEDEE14F21}.Debug|Any CPU.Build.0 = Debug|Any CPU
		{D39451A5-C938-48F6-9DA9-8FCEDEE14F21}.Release|Any CPU.ActiveCfg = Release|Any CPU
		{D39451A5-C938-48F6-9DA9-8FCEDEE14F21}.Release|Any CPU.Build.0 = Release|Any CPU
	EndGlobalSection
	GlobalSection(SolutionProperties) = preSolution
		HideSolutionNode = FALSE
	EndGlobalSection
	GlobalSection(ExtensibilityGlobals) = postSolution
		SolutionGuid = {B0570D2F-5F2A-4ECA-9B10-0190654AF357}
	EndGlobalSection
EndGlobal
