
Microsoft Visual Studio Solution File, Format Version 12.00
# Visual Studio 15
VisualStudioVersion = 15.0.28307.539
MinimumVisualStudioVersion = 10.0.40219.1
Project("{FAE04EC0-301F-11D3-BF4B-00C04F79EFBC}") = "Ex03.ConsoleUI", "Ex03.ConsoleUI\Ex03.ConsoleUI.csproj", "{783DA519-6185-428F-B15E-C999F2286159}"
EndProject
Project("{FAE04EC0-301F-11D3-BF4B-00C04F79EFBC}") = "Ex03.GarageLogic", "Ex03.GarageLogic\Ex03.GarageLogic.csproj", "{0CA9E733-4483-4A78-B765-F2FF78C1BAE3}"
EndProject
Global
	GlobalSection(SolutionConfigurationPlatforms) = preSolution
		Debug|Any CPU = Debug|Any CPU
		Release|Any CPU = Release|Any CPU
	EndGlobalSection
	GlobalSection(ProjectConfigurationPlatforms) = postSolution
		{783DA519-6185-428F-B15E-C999F2286159}.Debug|Any CPU.ActiveCfg = Debug|Any CPU
		{783DA519-6185-428F-B15E-C999F2286159}.Debug|Any CPU.Build.0 = Debug|Any CPU
		{783DA519-6185-428F-B15E-C999F2286159}.Release|Any CPU.ActiveCfg = Release|Any CPU
		{783DA519-6185-428F-B15E-C999F2286159}.Release|Any CPU.Build.0 = Release|Any CPU
		{0CA9E733-4483-4A78-B765-F2FF78C1BAE3}.Debug|Any CPU.ActiveCfg = Debug|Any CPU
		{0CA9E733-4483-4A78-B765-F2FF78C1BAE3}.Debug|Any CPU.Build.0 = Debug|Any CPU
		{0CA9E733-4483-4A78-B765-F2FF78C1BAE3}.Release|Any CPU.ActiveCfg = Release|Any CPU
		{0CA9E733-4483-4A78-B765-F2FF78C1BAE3}.Release|Any CPU.Build.0 = Release|Any CPU
	EndGlobalSection
	GlobalSection(SolutionProperties) = preSolution
		HideSolutionNode = FALSE
	EndGlobalSection
	GlobalSection(ExtensibilityGlobals) = postSolution
		SolutionGuid = {6980D6C1-62B5-460C-ADDA-5BEDC0F49F2D}
	EndGlobalSection
EndGlobal
